
Microsoft Visual Studio Solution File, Format Version 12.00
# Visual Studio Version 17
VisualStudioVersion = 17.3.32922.545
MinimumVisualStudioVersion = 10.0.40219.1
Project("{8BC9CEB8-8B4A-11D0-8D11-00A0C91BC942}") = "StackQueue", "StackQueue\StackQueue.vcxproj", "{03DB45E5-CC51-4034-9DA3-8ABFA30A8C00}"
EndProject
Project("{8BC9CEB8-8B4A-11D0-8D11-00A0C91BC942}") = "HashTable", "HashTable\HashTable.vcxproj", "{94EEF91A-4701-405E-BAA4-7247397A7936}"
EndProject
Global
	GlobalSection(SolutionConfigurationPlatforms) = preSolution
		Debug|x64 = Debug|x64
		Debug|x86 = Debug|x86
		Release|x64 = Release|x64
		Release|x86 = Release|x86
	EndGlobalSection
	GlobalSection(ProjectConfigurationPlatforms) = postSolution
		{03DB45E5-CC51-4034-9DA3-8ABFA30A8C00}.Debug|x64.ActiveCfg = Debug|x64
		{03DB45E5-CC51-4034-9DA3-8ABFA30A8C00}.Debug|x64.Build.0 = Debug|x64
		{03DB45E5-CC51-4034-9DA3-8ABFA30A8C00}.Debug|x86.ActiveCfg = Debug|x64
		{03DB45E5-CC51-4034-9DA3-8ABFA30A8C00}.Debug|x86.Build.0 = Debug|x64
		{03DB45E5-CC51-4034-9DA3-8ABFA30A8C00}.Release|x64.ActiveCfg = Release|x64
		{03DB45E5-CC51-4034-9DA3-8ABFA30A8C00}.Release|x64.Build.0 = Release|x64
		{03DB45E5-CC51-4034-9DA3-8ABFA30A8C00}.Release|x86.ActiveCfg = Release|x64
		{03DB45E5-CC51-4034-9DA3-8ABFA30A8C00}.Release|x86.Build.0 = Release|x64
		{94EEF91A-4701-405E-BAA4-7247397A7936}.Debug|x64.ActiveCfg = Debug|x64
		{94EEF91A-4701-405E-BAA4-7247397A7936}.Debug|x64.Build.0 = Debug|x64
		{94EEF91A-4701-405E-BAA4-7247397A7936}.Debug|x86.ActiveCfg = Debug|x64
		{94EEF91A-4701-405E-BAA4-7247397A7936}.Release|x64.ActiveCfg = Release|x64
		{94EEF91A-4701-405E-BAA4-7247397A7936}.Release|x64.Build.0 = Release|x64
		{94EEF91A-4701-405E-BAA4-7247397A7936}.Release|x86.ActiveCfg = Release|x64
	EndGlobalSection
	GlobalSection(SolutionProperties) = preSolution
		HideSolutionNode = FALSE
	EndGlobalSection
	GlobalSection(ExtensibilityGlobals) = postSolution
		SolutionGuid = {D37C3DFF-065E-40EA-900D-4A89AC42F2F7}
	EndGlobalSection
EndGlobal
